// !$*UTF8*$!
{
	archiveVersion = 1;
	classes = {
	};
	objectVersion = 46;
	objects = {

/* Begin PBXBuildFile section */
		4B613F8A1B0575E300CDBB63 /* AppDelegate.swift in Sources */ = {isa = PBXBuildFile; fileRef = 4B613F891B0575E300CDBB63 /* AppDelegate.swift */; };
		4B613F8C1B0575E300CDBB63 /* MasterViewController.swift in Sources */ = {isa = PBXBuildFile; fileRef = 4B613F8B1B0575E300CDBB63 /* MasterViewController.swift */; };
		4B613F8E1B0575E300CDBB63 /* DetailViewController.swift in Sources */ = {isa = PBXBuildFile; fileRef = 4B613F8D1B0575E300CDBB63 /* DetailViewController.swift */; };
		4B613F911B0575E300CDBB63 /* Main.storyboard in Resources */ = {isa = PBXBuildFile; fileRef = 4B613F8F1B0575E300CDBB63 /* Main.storyboard */; };
		4B613F931B0575E300CDBB63 /* Images.xcassets in Resources */ = {isa = PBXBuildFile; fileRef = 4B613F921B0575E300CDBB63 /* Images.xcassets */; };
		4B613F961B0575E300CDBB63 /* LaunchScreen.xib in Resources */ = {isa = PBXBuildFile; fileRef = 4B613F941B0575E300CDBB63 /* LaunchScreen.xib */; };
		4B613FA21B0575E300CDBB63 /* DogsTests.swift in Sources */ = {isa = PBXBuildFile; fileRef = 4B613FA11B0575E300CDBB63 /* DogsTests.swift */; };
		4B613FAC1B05782300CDBB63 /* Dog.swift in Sources */ = {isa = PBXBuildFile; fileRef = 4B613FAB1B05782300CDBB63 /* Dog.swift */; };
		4B613FAE1B0579CF00CDBB63 /* ModalViewController.swift in Sources */ = {isa = PBXBuildFile; fileRef = 4B613FAD1B0579CF00CDBB63 /* ModalViewController.swift */; };
/* End PBXBuildFile section */

/* Begin PBXContainerItemProxy section */
		4B613F9C1B0575E300CDBB63 /* PBXContainerItemProxy */ = {
			isa = PBXContainerItemProxy;
			containerPortal = 4B613F7C1B0575E300CDBB63 /* Project object */;
			proxyType = 1;
			remoteGlobalIDString = 4B613F831B0575E300CDBB63;
			remoteInfo = Dogs;
		};
/* End PBXContainerItemProxy section */

/* Begin PBXFileReference section */
		4B613F841B0575E300CDBB63 /* Dogs.app */ = {isa = PBXFileReference; explicitFileType = wrapper.application; includeInIndex = 0; path = Dogs.app; sourceTree = BUILT_PRODUCTS_DIR; };
		4B613F881B0575E300CDBB63 /* Info.plist */ = {isa = PBXFileReference; lastKnownFileType = text.plist.xml; path = Info.plist; sourceTree = "<group>"; };
		4B613F891B0575E300CDBB63 /* AppDelegate.swift */ = {isa = PBXFileReference; lastKnownFileType = sourcecode.swift; path = AppDelegate.swift; sourceTree = "<group>"; };
		4B613F8B1B0575E300CDBB63 /* MasterViewController.swift */ = {isa = PBXFileReference; lastKnownFileType = sourcecode.swift; path = MasterViewController.swift; sourceTree = "<group>"; };
		4B613F8D1B0575E300CDBB63 /* DetailViewController.swift */ = {isa = PBXFileReference; lastKnownFileType = sourcecode.swift; path = DetailViewController.swift; sourceTree = "<group>"; };
		4B613F901B0575E300CDBB63 /* Base */ = {isa = PBXFileReference; lastKnownFileType = file.storyboard; name = Base; path = Base.lproj/Main.storyboard; sourceTree = "<group>"; };
		4B613F921B0575E300CDBB63 /* Images.xcassets */ = {isa = PBXFileReference; lastKnownFileType = folder.assetcatalog; path = Images.xcassets; sourceTree = "<group>"; };
		4B613F951B0575E300CDBB63 /* Base */ = {isa = PBXFileReference; lastKnownFileType = file.xib; name = Base; path = Base.lproj/LaunchScreen.xib; sourceTree = "<group>"; };
		4B613F9B1B0575E300CDBB63 /* DogsTests.xctest */ = {isa = PBXFileReference; explicitFileType = wrapper.cfbundle; includeInIndex = 0; path = DogsTests.xctest; sourceTree = BUILT_PRODUCTS_DIR; };
		4B613FA01B0575E300CDBB63 /* Info.plist */ = {isa = PBXFileReference; lastKnownFileType = text.plist.xml; path = Info.plist; sourceTree = "<group>"; };
		4B613FA11B0575E300CDBB63 /* DogsTests.swift */ = {isa = PBXFileReference; lastKnownFileType = sourcecode.swift; path = DogsTests.swift; sourceTree = "<group>"; };
		4B613FAB1B05782300CDBB63 /* Dog.swift */ = {isa = PBXFileReference; fileEncoding = 4; lastKnownFileType = sourcecode.swift; path = Dog.swift; sourceTree = "<group>"; };
		4B613FAD1B0579CF00CDBB63 /* ModalViewController.swift */ = {isa = PBXFileReference; fileEncoding = 4; lastKnownFileType = sourcecode.swift; path = ModalViewController.swift; sourceTree = "<group>"; };
/* End PBXFileReference section */

/* Begin PBXFrameworksBuildPhase section */
		4B613F811B0575E300CDBB63 /* Frameworks */ = {
			isa = PBXFrameworksBuildPhase;
			buildActionMask = 2147483647;
			files = (
			);
			runOnlyForDeploymentPostprocessing = 0;
		};
		4B613F981B0575E300CDBB63 /* Frameworks */ = {
			isa = PBXFrameworksBuildPhase;
			buildActionMask = 2147483647;
			files = (
			);
			runOnlyForDeploymentPostprocessing = 0;
		};
/* End PBXFrameworksBuildPhase section */

/* Begin PBXGroup section */
		4B613F7B1B0575E300CDBB63 = {
			isa = PBXGroup;
			children = (
				4B613F861B0575E300CDBB63 /* Dogs */,
				4B613F9E1B0575E300CDBB63 /* DogsTests */,
				4B613F851B0575E300CDBB63 /* Products */,
			);
			sourceTree = "<group>";
		};
		4B613F851B0575E300CDBB63 /* Products */ = {
			isa = PBXGroup;
			children = (
				4B613F841B0575E300CDBB63 /* Dogs.app */,
				4B613F9B1B0575E300CDBB63 /* DogsTests.xctest */,
			);
			name = Products;
			sourceTree = "<group>";
		};
		4B613F861B0575E300CDBB63 /* Dogs */ = {
			isa = PBXGroup;
			children = (
				4B613F891B0575E300CDBB63 /* AppDelegate.swift */,
				4B613F8B1B0575E300CDBB63 /* MasterViewController.swift */,
				4B613F8D1B0575E300CDBB63 /* DetailViewController.swift */,
				4B613F8F1B0575E300CDBB63 /* Main.storyboard */,
				4B613FAD1B0579CF00CDBB63 /* ModalViewController.swift */,
				4B613FAB1B05782300CDBB63 /* Dog.swift */,
				4B613F921B0575E300CDBB63 /* Images.xcassets */,
				4B613F941B0575E300CDBB63 /* LaunchScreen.xib */,
				4B613F871B0575E300CDBB63 /* Supporting Files */,
			);
			path = Dogs;
			sourceTree = "<group>";
		};
		4B613F871B0575E300CDBB63 /* Supporting Files */ = {
			isa = PBXGroup;
			children = (
				4B613F881B0575E300CDBB63 /* Info.plist */,
			);
			name = "Supporting Files";
			sourceTree = "<group>";
		};
		4B613F9E1B0575E300CDBB63 /* DogsTests */ = {
			isa = PBXGroup;
			children = (
				4B613FA11B0575E300CDBB63 /* DogsTests.swift */,
				4B613F9F1B0575E300CDBB63 /* Supporting Files */,
			);
			path = DogsTests;
			sourceTree = "<group>";
		};
		4B613F9F1B0575E300CDBB63 /* Supporting Files */ = {
			isa = PBXGroup;
			children = (
				4B613FA01B0575E300CDBB63 /* Info.plist */,
			);
			name = "Supporting Files";
			sourceTree = "<group>";
		};
/* End PBXGroup section */

/* Begin PBXNativeTarget section */
		4B613F831B0575E300CDBB63 /* Dogs */ = {
			isa = PBXNativeTarget;
			buildConfigurationList = 4B613FA51B0575E300CDBB63 /* Build configuration list for PBXNativeTarget "Dogs" */;
			buildPhases = (
				4B613F801B0575E300CDBB63 /* Sources */,
				4B613F811B0575E300CDBB63 /* Frameworks */,
				4B613F821B0575E300CDBB63 /* Resources */,
			);
			buildRules = (
			);
			dependencies = (
			);
			name = Dogs;
			productName = Dogs;
			productReference = 4B613F841B0575E300CDBB63 /* Dogs.app */;
			productType = "com.apple.product-type.application";
		};
		4B613F9A1B0575E300CDBB63 /* DogsTests */ = {
			isa = PBXNativeTarget;
			buildConfigurationList = 4B613FA81B0575E300CDBB63 /* Build configuration list for PBXNativeTarget "DogsTests" */;
			buildPhases = (
				4B613F971B0575E300CDBB63 /* Sources */,
				4B613F981B0575E300CDBB63 /* Frameworks */,
				4B613F991B0575E300CDBB63 /* Resources */,
			);
			buildRules = (
			);
			dependencies = (
				4B613F9D1B0575E300CDBB63 /* PBXTargetDependency */,
			);
			name = DogsTests;
			productName = DogsTests;
			productReference = 4B613F9B1B0575E300CDBB63 /* DogsTests.xctest */;
			productType = "com.apple.product-type.bundle.unit-test";
		};
/* End PBXNativeTarget section */

/* Begin PBXProject section */
		4B613F7C1B0575E300CDBB63 /* Project object */ = {
			isa = PBXProject;
			attributes = {
				LastUpgradeCheck = 0630;
				ORGANIZATIONNAME = "Shiven Ramji";
				TargetAttributes = {
					4B613F831B0575E300CDBB63 = {
						CreatedOnToolsVersion = 6.3.1;
					};
					4B613F9A1B0575E300CDBB63 = {
						CreatedOnToolsVersion = 6.3.1;
						TestTargetID = 4B613F831B0575E300CDBB63;
					};
				};
			};
			buildConfigurationList = 4B613F7F1B0575E300CDBB63 /* Build configuration list for PBXProject "Dogs" */;
			compatibilityVersion = "Xcode 3.2";
			developmentRegion = English;
			hasScannedForEncodings = 0;
			knownRegions = (
				en,
				Base,
			);
			mainGroup = 4B613F7B1B0575E300CDBB63;
			productRefGroup = 4B613F851B0575E300CDBB63 /* Products */;
			projectDirPath = "";
			projectRoot = "";
			targets = (
				4B613F831B0575E300CDBB63 /* Dogs */,
				4B613F9A1B0575E300CDBB63 /* DogsTests */,
			);
		};
/* End PBXProject section */

/* Begin PBXResourcesBuildPhase section */
		4B613F821B0575E300CDBB63 /* Resources */ = {
			isa = PBXResourcesBuildPhase;
			buildActionMask = 2147483647;
			files = (
				4B613F911B0575E300CDBB63 /* Main.storyboard in Resources */,
				4B613F961B0575E300CDBB63 /* LaunchScreen.xib in Resources */,
				4B613F931B0575E300CDBB63 /* Images.xcassets in Resources */,
			);
			runOnlyForDeploymentPostprocessing = 0;
		};
		4B613F991B0575E300CDBB63 /* Resources */ = {
			isa = PBXResourcesBuildPhase;
			buildActionMask = 2147483647;
			files = (
			);
			runOnlyForDeploymentPostprocessing = 0;
		};
/* End PBXResourcesBuildPhase section */

/* Begin PBXSourcesBuildPhase section */
		4B613F801B0575E300CDBB63 /* Sources */ = {
			isa = PBXSourcesBuildPhase;
			buildActionMask = 2147483647;
			files = (
				4B613F8E1B0575E300CDBB63 /* DetailViewController.swift in Sources */,
				4B613FAE1B0579CF00CDBB63 /* ModalViewController.swift in Sources */,
				4B613F8C1B0575E300CDBB63 /* MasterViewController.swift in Sources */,
				4B613FAC1B05782300CDBB63 /* Dog.swift in Sources */,
				4B613F8A1B0575E300CDBB63 /* AppDelegate.swift in Sources */,
			);
			runOnlyForDeploymentPostprocessing = 0;
		};
		4B613F971B0575E300CDBB63 /* Sources */ = {
			isa = PBXSourcesBuildPhase;
			buildActionMask = 2147483647;
			files = (
				4B613FA21B0575E300CDBB63 /* DogsTests.swift in Sources */,
			);
			runOnlyForDeploymentPostprocessing = 0;
		};
/* End PBXSourcesBuildPhase section */

/* Begin PBXTargetDependency section */
		4B613F9D1B0575E300CDBB63 /* PBXTargetDependency */ = {
			isa = PBXTargetDependency;
			target = 4B613F831B0575E300CDBB63 /* Dogs */;
			targetProxy = 4B613F9C1B0575E300CDBB63 /* PBXContainerItemProxy */;
		};
/* End PBXTargetDependency section */

/* Begin PBXVariantGroup section */
		4B613F8F1B0575E300CDBB63 /* Main.storyboard */ = {
			isa = PBXVariantGroup;
			children = (
				4B613F901B0575E300CDBB63 /* Base */,
			);
			name = Main.storyboard;
			sourceTree = "<group>";
		};
		4B613F941B0575E300CDBB63 /* LaunchScreen.xib */ = {
			isa = PBXVariantGroup;
			children = (
				4B613F951B0575E300CDBB63 /* Base */,
			);
			name = LaunchScreen.xib;
			sourceTree = "<group>";
		};
/* End PBXVariantGroup section */

/* Begin XCBuildConfiguration section */
		4B613FA31B0575E300CDBB63 /* Debug */ = {
			isa = XCBuildConfiguration;
			buildSettings = {
				ALWAYS_SEARCH_USER_PATHS = NO;
				CLANG_CXX_LANGUAGE_STANDARD = "gnu++0x";
				CLANG_CXX_LIBRARY = "libc++";
				CLANG_ENABLE_MODULES = YES;
				CLANG_ENABLE_OBJC_ARC = YES;
				CLANG_WARN_BOOL_CONVERSION = YES;
				CLANG_WARN_CONSTANT_CONVERSION = YES;
				CLANG_WARN_DIRECT_OBJC_ISA_USAGE = YES_ERROR;
				CLANG_WARN_EMPTY_BODY = YES;
				CLANG_WARN_ENUM_CONVERSION = YES;
				CLANG_WARN_INT_CONVERSION = YES;
				CLANG_WARN_OBJC_ROOT_CLASS = YES_ERROR;
				CLANG_WARN_UNREACHABLE_CODE = YES;
				CLANG_WARN__DUPLICATE_METHOD_MATCH = YES;
				"CODE_SIGN_IDENTITY[sdk=iphoneos*]" = "iPhone Developer";
				COPY_PHASE_STRIP = NO;
				DEBUG_INFORMATION_FORMAT = "dwarf-with-dsym";
				ENABLE_STRICT_OBJC_MSGSEND = YES;
				GCC_C_LANGUAGE_STANDARD = gnu99;
				GCC_DYNAMIC_NO_PIC = NO;
				GCC_NO_COMMON_BLOCKS = YES;
				GCC_OPTIMIZATION_LEVEL = 0;
				GCC_PREPROCESSOR_DEFINITIONS = (
					"DEBUG=1",
					"$(inherited)",
				);
				GCC_SYMBOLS_PRIVATE_EXTERN = NO;
				GCC_WARN_64_TO_32_BIT_CONVERSION = YES;
				GCC_WARN_ABOUT_RETURN_TYPE = YES_ERROR;
				GCC_WARN_UNDECLARED_SELECTOR = YES;
				GCC_WARN_UNINITIALIZED_AUTOS = YES_AGGRESSIVE;
				GCC_WARN_UNUSED_FUNCTION = YES;
				GCC_WARN_UNUSED_VARIABLE = YES;
				IPHONEOS_DEPLOYMENT_TARGET = 8.3;
				MTL_ENABLE_DEBUG_INFO = YES;
				ONLY_ACTIVE_ARCH = YES;
				SDKROOT = iphoneos;
				SWIFT_OPTIMIZATION_LEVEL = "-Onone";
			};
			name = Debug;
		};
		4B613FA41B0575E300CDBB63 /* Release */ = {
			isa = XCBuildConfiguration;
			buildSettings = {
				ALWAYS_SEARCH_USER_PATHS = NO;
				CLANG_CXX_LANGUAGE_STANDARD = "gnu++0x";
				CLANG_CXX_LIBRARY = "libc++";
				CLANG_ENABLE_MODULES = YES;
				CLANG_ENABLE_OBJC_ARC = YES;
				CLANG_WARN_BOOL_CONVERSION = YES;
				CLANG_WARN_CONSTANT_CONVERSION = YES;
				CLANG_WARN_DIRECT_OBJC_ISA_USAGE = YES_ERROR;
				CLANG_WARN_EMPTY_BODY = YES;
				CLANG_WARN_ENUM_CONVERSION = YES;
				CLANG_WARN_INT_CONVERSION = YES;
				CLANG_WARN_OBJC_ROOT_CLASS = YES_ERROR;
				CLANG_WARN_UNREACHABLE_CODE = YES;
				CLANG_WARN__DUPLICATE_METHOD_MATCH = YES;
				"CODE_SIGN_IDENTITY[sdk=iphoneos*]" = "iPhone Developer";
				COPY_PHASE_STRIP = NO;
				DEBUG_INFORMATION_FORMAT = "dwarf-with-dsym";
				ENABLE_NS_ASSERTIONS = NO;
				ENABLE_STRICT_OBJC_MSGSEND = YES;
				GCC_C_LANGUAGE_STANDARD = gnu99;
				GCC_NO_COMMON_BLOCKS = YES;
				GCC_WARN_64_TO_32_BIT_CONVERSION = YES;
				GCC_WARN_ABOUT_RETURN_TYPE = YES_ERROR;
				GCC_WARN_UNDECLARED_SELECTOR = YES;
				GCC_WARN_UNINITIALIZED_AUTOS = YES_AGGRESSIVE;
				GCC_WARN_UNUSED_FUNCTION = YES;
				GCC_WARN_UNUSED_VARIABLE = YES;
				IPHONEOS_DEPLOYMENT_TARGET = 8.3;
				MTL_ENABLE_DEBUG_INFO = NO;
				SDKROOT = iphoneos;
				VALIDATE_PRODUCT = YES;
			};
			name = Release;
		};
		4B613FA61B0575E300CDBB63 /* Debug */ = {
			isa = XCBuildConfiguration;
			buildSettings = {
				ASSETCATALOG_COMPILER_APPICON_NAME = AppIcon;
				INFOPLIST_FILE = Dogs/Info.plist;
				LD_RUNPATH_SEARCH_PATHS = "$(inherited) @executable_path/Frameworks";
				PRODUCT_NAME = "$(TARGET_NAME)";
			};
			name = Debug;
		};
		4B613FA71B0575E300CDBB63 /* Release */ = {
			isa = XCBuildConfiguration;
			buildSettings = {
				ASSETCATALOG_COMPILER_APPICON_NAME = AppIcon;
				INFOPLIST_FILE = Dogs/Info.plist;
				LD_RUNPATH_SEARCH_PATHS = "$(inherited) @executable_path/Frameworks";
				PRODUCT_NAME = "$(TARGET_NAME)";
			};
			name = Release;
		};
		4B613FA91B0575E300CDBB63 /* Debug */ = {
			isa = XCBuildConfiguration;
			buildSettings = {
				BUNDLE_LOADER = "$(TEST_HOST)";
				FRAMEWORK_SEARCH_PATHS = (
					"$(SDKROOT)/Developer/Library/Frameworks",
					"$(inherited)",
				);
				GCC_PREPROCESSOR_DEFINITIONS = (
					"DEBUG=1",
					"$(inherited)",
				);
				INFOPLIST_FILE = DogsTests/Info.plist;
				LD_RUNPATH_SEARCH_PATHS = "$(inherited) @executable_path/Frameworks @loader_path/Frameworks";
				PRODUCT_NAME = "$(TARGET_NAME)";
				TEST_HOST = "$(BUILT_PRODUCTS_DIR)/Dogs.app/Dogs";
			};
			name = Debug;
		};
		4B613FAA1B0575E300CDBB63 /* Release */ = {
			isa = XCBuildConfiguration;
			buildSettings = {
				BUNDLE_LOADER = "$(TEST_HOST)";
				FRAMEWORK_SEARCH_PATHS = (
					"$(SDKROOT)/Developer/Library/Frameworks",
					"$(inherited)",
				);
				INFOPLIST_FILE = DogsTests/Info.plist;
				LD_RUNPATH_SEARCH_PATHS = "$(inherited) @executable_path/Frameworks @loader_path/Frameworks";
				PRODUCT_NAME = "$(TARGET_NAME)";
				TEST_HOST = "$(BUILT_PRODUCTS_DIR)/Dogs.app/Dogs";
			};
			name = Release;
		};
/* End XCBuildConfiguration section */

/* Begin XCConfigurationList section */
		4B613F7F1B0575E300CDBB63 /* Build configuration list for PBXProject "Dogs" */ = {
			isa = XCConfigurationList;
			buildConfigurations = (
				4B613FA31B0575E300CDBB63 /* Debug */,
				4B613FA41B0575E300CDBB63 /* Release */,
			);
			defaultConfigurationIsVisible = 0;
			defaultConfigurationName = Release;
		};
		4B613FA51B0575E300CDBB63 /* Build configuration list for PBXNativeTarget "Dogs" */ = {
			isa = XCConfigurationList;
			buildConfigurations = (
				4B613FA61B0575E300CDBB63 /* Debug */,
				4B613FA71B0575E300CDBB63 /* Release */,
			);
			defaultConfigurationIsVisible = 0;
		};
		4B613FA81B0575E300CDBB63 /* Build configuration list for PBXNativeTarget "DogsTests" */ = {
			isa = XCConfigurationList;
			buildConfigurations = (
				4B613FA91B0575E300CDBB63 /* Debug */,
				4B613FAA1B0575E300CDBB63 /* Release */,
			);
			defaultConfigurationIsVisible = 0;
		};
/* End XCConfigurationList section */
	};
	rootObject = 4B613F7C1B0575E300CDBB63 /* Project object */;
}
