// !$*UTF8*$!
{
	archiveVersion = 1;
	classes = {
	};
	objectVersion = 46;
	objects = {

/* Begin PBXBuildFile section */
		4B9A26991AE6CFDD00AC7212 /* AppDelegate.swift in Sources */ = {isa = PBXBuildFile; fileRef = 4B9A26981AE6CFDD00AC7212 /* AppDelegate.swift */; };
		4B9A269B1AE6CFDD00AC7212 /* ViewController.swift in Sources */ = {isa = PBXBuildFile; fileRef = 4B9A269A1AE6CFDD00AC7212 /* ViewController.swift */; };
		4B9A269E1AE6CFDD00AC7212 /* Main.storyboard in Resources */ = {isa = PBXBuildFile; fileRef = 4B9A269C1AE6CFDD00AC7212 /* Main.storyboard */; };
		4B9A26A01AE6CFDD00AC7212 /* Images.xcassets in Resources */ = {isa = PBXBuildFile; fileRef = 4B9A269F1AE6CFDD00AC7212 /* Images.xcassets */; };
		4B9A26A31AE6CFDD00AC7212 /* LaunchScreen.xib in Resources */ = {isa = PBXBuildFile; fileRef = 4B9A26A11AE6CFDD00AC7212 /* LaunchScreen.xib */; };
		4B9A26AF1AE6CFDD00AC7212 /* My_PanoramasTests.swift in Sources */ = {isa = PBXBuildFile; fileRef = 4B9A26AE1AE6CFDD00AC7212 /* My_PanoramasTests.swift */; };
		4B9A26BA1AE6D20400AC7212 /* IMG_1617.JPG in Resources */ = {isa = PBXBuildFile; fileRef = 4B9A26B91AE6D20400AC7212 /* IMG_1617.JPG */; };
		4B9A26BC1AE6D21C00AC7212 /* IMG_0039.JPG in Resources */ = {isa = PBXBuildFile; fileRef = 4B9A26BB1AE6D21C00AC7212 /* IMG_0039.JPG */; };
		4B9A26BE1AE6D2DA00AC7212 /* SF.png in Resources */ = {isa = PBXBuildFile; fileRef = 4B9A26BD1AE6D2DA00AC7212 /* SF.png */; };
		4B9A26C01AE6D2E400AC7212 /* PR.png in Resources */ = {isa = PBXBuildFile; fileRef = 4B9A26BF1AE6D2E400AC7212 /* PR.png */; };
		4B9A26C21AE6D2EE00AC7212 /* PR_2.png in Resources */ = {isa = PBXBuildFile; fileRef = 4B9A26C11AE6D2EE00AC7212 /* PR_2.png */; };
/* End PBXBuildFile section */

/* Begin PBXContainerItemProxy section */
		4B9A26A91AE6CFDD00AC7212 /* PBXContainerItemProxy */ = {
			isa = PBXContainerItemProxy;
			containerPortal = 4B9A268B1AE6CFDD00AC7212 /* Project object */;
			proxyType = 1;
			remoteGlobalIDString = 4B9A26921AE6CFDD00AC7212;
			remoteInfo = "My Panoramas";
		};
/* End PBXContainerItemProxy section */

/* Begin PBXFileReference section */
		4B9A26931AE6CFDD00AC7212 /* My Panoramas.app */ = {isa = PBXFileReference; explicitFileType = wrapper.application; includeInIndex = 0; path = "My Panoramas.app"; sourceTree = BUILT_PRODUCTS_DIR; };
		4B9A26971AE6CFDD00AC7212 /* Info.plist */ = {isa = PBXFileReference; lastKnownFileType = text.plist.xml; path = Info.plist; sourceTree = "<group>"; };
		4B9A26981AE6CFDD00AC7212 /* AppDelegate.swift */ = {isa = PBXFileReference; lastKnownFileType = sourcecode.swift; path = AppDelegate.swift; sourceTree = "<group>"; };
		4B9A269A1AE6CFDD00AC7212 /* ViewController.swift */ = {isa = PBXFileReference; lastKnownFileType = sourcecode.swift; path = ViewController.swift; sourceTree = "<group>"; };
		4B9A269D1AE6CFDD00AC7212 /* Base */ = {isa = PBXFileReference; lastKnownFileType = file.storyboard; name = Base; path = Base.lproj/Main.storyboard; sourceTree = "<group>"; };
		4B9A269F1AE6CFDD00AC7212 /* Images.xcassets */ = {isa = PBXFileReference; lastKnownFileType = folder.assetcatalog; path = Images.xcassets; sourceTree = "<group>"; };
		4B9A26A21AE6CFDD00AC7212 /* Base */ = {isa = PBXFileReference; lastKnownFileType = file.xib; name = Base; path = Base.lproj/LaunchScreen.xib; sourceTree = "<group>"; };
		4B9A26A81AE6CFDD00AC7212 /* My PanoramasTests.xctest */ = {isa = PBXFileReference; explicitFileType = wrapper.cfbundle; includeInIndex = 0; path = "My PanoramasTests.xctest"; sourceTree = BUILT_PRODUCTS_DIR; };
		4B9A26AD1AE6CFDD00AC7212 /* Info.plist */ = {isa = PBXFileReference; lastKnownFileType = text.plist.xml; path = Info.plist; sourceTree = "<group>"; };
		4B9A26AE1AE6CFDD00AC7212 /* My_PanoramasTests.swift */ = {isa = PBXFileReference; lastKnownFileType = sourcecode.swift; path = My_PanoramasTests.swift; sourceTree = "<group>"; };
		4B9A26B91AE6D20400AC7212 /* IMG_1617.JPG */ = {isa = PBXFileReference; lastKnownFileType = image.jpeg; path = IMG_1617.JPG; sourceTree = "<group>"; };
		4B9A26BB1AE6D21C00AC7212 /* IMG_0039.JPG */ = {isa = PBXFileReference; lastKnownFileType = image.jpeg; path = IMG_0039.JPG; sourceTree = "<group>"; };
		4B9A26BD1AE6D2DA00AC7212 /* SF.png */ = {isa = PBXFileReference; lastKnownFileType = image.png; path = SF.png; sourceTree = "<group>"; };
		4B9A26BF1AE6D2E400AC7212 /* PR.png */ = {isa = PBXFileReference; lastKnownFileType = image.png; path = PR.png; sourceTree = "<group>"; };
		4B9A26C11AE6D2EE00AC7212 /* PR_2.png */ = {isa = PBXFileReference; lastKnownFileType = image.png; path = PR_2.png; sourceTree = "<group>"; };
/* End PBXFileReference section */

/* Begin PBXFrameworksBuildPhase section */
		4B9A26901AE6CFDD00AC7212 /* Frameworks */ = {
			isa = PBXFrameworksBuildPhase;
			buildActionMask = 2147483647;
			files = (
			);
			runOnlyForDeploymentPostprocessing = 0;
		};
		4B9A26A51AE6CFDD00AC7212 /* Frameworks */ = {
			isa = PBXFrameworksBuildPhase;
			buildActionMask = 2147483647;
			files = (
			);
			runOnlyForDeploymentPostprocessing = 0;
		};
/* End PBXFrameworksBuildPhase section */

/* Begin PBXGroup section */
		4B9A268A1AE6CFDD00AC7212 = {
			isa = PBXGroup;
			children = (
				4B9A26951AE6CFDD00AC7212 /* My Panoramas */,
				4B9A26AB1AE6CFDD00AC7212 /* My PanoramasTests */,
				4B9A26941AE6CFDD00AC7212 /* Products */,
			);
			sourceTree = "<group>";
		};
		4B9A26941AE6CFDD00AC7212 /* Products */ = {
			isa = PBXGroup;
			children = (
				4B9A26931AE6CFDD00AC7212 /* My Panoramas.app */,
				4B9A26A81AE6CFDD00AC7212 /* My PanoramasTests.xctest */,
			);
			name = Products;
			sourceTree = "<group>";
		};
		4B9A26951AE6CFDD00AC7212 /* My Panoramas */ = {
			isa = PBXGroup;
			children = (
				4B9A26B81AE6D07200AC7212 /* Photos */,
				4B9A26981AE6CFDD00AC7212 /* AppDelegate.swift */,
				4B9A269A1AE6CFDD00AC7212 /* ViewController.swift */,
				4B9A269C1AE6CFDD00AC7212 /* Main.storyboard */,
				4B9A269F1AE6CFDD00AC7212 /* Images.xcassets */,
				4B9A26A11AE6CFDD00AC7212 /* LaunchScreen.xib */,
				4B9A26961AE6CFDD00AC7212 /* Supporting Files */,
			);
			path = "My Panoramas";
			sourceTree = "<group>";
		};
		4B9A26961AE6CFDD00AC7212 /* Supporting Files */ = {
			isa = PBXGroup;
			children = (
				4B9A26971AE6CFDD00AC7212 /* Info.plist */,
			);
			name = "Supporting Files";
			sourceTree = "<group>";
		};
		4B9A26AB1AE6CFDD00AC7212 /* My PanoramasTests */ = {
			isa = PBXGroup;
			children = (
				4B9A26AE1AE6CFDD00AC7212 /* My_PanoramasTests.swift */,
				4B9A26AC1AE6CFDD00AC7212 /* Supporting Files */,
			);
			path = "My PanoramasTests";
			sourceTree = "<group>";
		};
		4B9A26AC1AE6CFDD00AC7212 /* Supporting Files */ = {
			isa = PBXGroup;
			children = (
				4B9A26AD1AE6CFDD00AC7212 /* Info.plist */,
			);
			name = "Supporting Files";
			sourceTree = "<group>";
		};
		4B9A26B81AE6D07200AC7212 /* Photos */ = {
			isa = PBXGroup;
			children = (
				4B9A26BF1AE6D2E400AC7212 /* PR.png */,
				4B9A26C11AE6D2EE00AC7212 /* PR_2.png */,
				4B9A26BD1AE6D2DA00AC7212 /* SF.png */,
				4B9A26BB1AE6D21C00AC7212 /* IMG_0039.JPG */,
				4B9A26B91AE6D20400AC7212 /* IMG_1617.JPG */,
			);
			name = Photos;
			sourceTree = "<group>";
		};
/* End PBXGroup section */

/* Begin PBXNativeTarget section */
		4B9A26921AE6CFDD00AC7212 /* My Panoramas */ = {
			isa = PBXNativeTarget;
			buildConfigurationList = 4B9A26B21AE6CFDD00AC7212 /* Build configuration list for PBXNativeTarget "My Panoramas" */;
			buildPhases = (
				4B9A268F1AE6CFDD00AC7212 /* Sources */,
				4B9A26901AE6CFDD00AC7212 /* Frameworks */,
				4B9A26911AE6CFDD00AC7212 /* Resources */,
			);
			buildRules = (
			);
			dependencies = (
			);
			name = "My Panoramas";
			productName = "My Panoramas";
			productReference = 4B9A26931AE6CFDD00AC7212 /* My Panoramas.app */;
			productType = "com.apple.product-type.application";
		};
		4B9A26A71AE6CFDD00AC7212 /* My PanoramasTests */ = {
			isa = PBXNativeTarget;
			buildConfigurationList = 4B9A26B51AE6CFDD00AC7212 /* Build configuration list for PBXNativeTarget "My PanoramasTests" */;
			buildPhases = (
				4B9A26A41AE6CFDD00AC7212 /* Sources */,
				4B9A26A51AE6CFDD00AC7212 /* Frameworks */,
				4B9A26A61AE6CFDD00AC7212 /* Resources */,
			);
			buildRules = (
			);
			dependencies = (
				4B9A26AA1AE6CFDD00AC7212 /* PBXTargetDependency */,
			);
			name = "My PanoramasTests";
			productName = "My PanoramasTests";
			productReference = 4B9A26A81AE6CFDD00AC7212 /* My PanoramasTests.xctest */;
			productType = "com.apple.product-type.bundle.unit-test";
		};
/* End PBXNativeTarget section */

/* Begin PBXProject section */
		4B9A268B1AE6CFDD00AC7212 /* Project object */ = {
			isa = PBXProject;
			attributes = {
				LastUpgradeCheck = 0630;
				ORGANIZATIONNAME = "Shiven Ramji";
				TargetAttributes = {
					4B9A26921AE6CFDD00AC7212 = {
						CreatedOnToolsVersion = 6.3;
					};
					4B9A26A71AE6CFDD00AC7212 = {
						CreatedOnToolsVersion = 6.3;
						TestTargetID = 4B9A26921AE6CFDD00AC7212;
					};
				};
			};
			buildConfigurationList = 4B9A268E1AE6CFDD00AC7212 /* Build configuration list for PBXProject "My Panoramas" */;
			compatibilityVersion = "Xcode 3.2";
			developmentRegion = English;
			hasScannedForEncodings = 0;
			knownRegions = (
				en,
				Base,
			);
			mainGroup = 4B9A268A1AE6CFDD00AC7212;
			productRefGroup = 4B9A26941AE6CFDD00AC7212 /* Products */;
			projectDirPath = "";
			projectRoot = "";
			targets = (
				4B9A26921AE6CFDD00AC7212 /* My Panoramas */,
				4B9A26A71AE6CFDD00AC7212 /* My PanoramasTests */,
			);
		};
/* End PBXProject section */

/* Begin PBXResourcesBuildPhase section */
		4B9A26911AE6CFDD00AC7212 /* Resources */ = {
			isa = PBXResourcesBuildPhase;
			buildActionMask = 2147483647;
			files = (
				4B9A269E1AE6CFDD00AC7212 /* Main.storyboard in Resources */,
				4B9A26C01AE6D2E400AC7212 /* PR.png in Resources */,
				4B9A26A31AE6CFDD00AC7212 /* LaunchScreen.xib in Resources */,
				4B9A26BE1AE6D2DA00AC7212 /* SF.png in Resources */,
				4B9A26BA1AE6D20400AC7212 /* IMG_1617.JPG in Resources */,
				4B9A26BC1AE6D21C00AC7212 /* IMG_0039.JPG in Resources */,
				4B9A26C21AE6D2EE00AC7212 /* PR_2.png in Resources */,
				4B9A26A01AE6CFDD00AC7212 /* Images.xcassets in Resources */,
			);
			runOnlyForDeploymentPostprocessing = 0;
		};
		4B9A26A61AE6CFDD00AC7212 /* Resources */ = {
			isa = PBXResourcesBuildPhase;
			buildActionMask = 2147483647;
			files = (
			);
			runOnlyForDeploymentPostprocessing = 0;
		};
/* End PBXResourcesBuildPhase section */

/* Begin PBXSourcesBuildPhase section */
		4B9A268F1AE6CFDD00AC7212 /* Sources */ = {
			isa = PBXSourcesBuildPhase;
			buildActionMask = 2147483647;
			files = (
				4B9A269B1AE6CFDD00AC7212 /* ViewController.swift in Sources */,
				4B9A26991AE6CFDD00AC7212 /* AppDelegate.swift in Sources */,
			);
			runOnlyForDeploymentPostprocessing = 0;
		};
		4B9A26A41AE6CFDD00AC7212 /* Sources */ = {
			isa = PBXSourcesBuildPhase;
			buildActionMask = 2147483647;
			files = (
				4B9A26AF1AE6CFDD00AC7212 /* My_PanoramasTests.swift in Sources */,
			);
			runOnlyForDeploymentPostprocessing = 0;
		};
/* End PBXSourcesBuildPhase section */

/* Begin PBXTargetDependency section */
		4B9A26AA1AE6CFDD00AC7212 /* PBXTargetDependency */ = {
			isa = PBXTargetDependency;
			target = 4B9A26921AE6CFDD00AC7212 /* My Panoramas */;
			targetProxy = 4B9A26A91AE6CFDD00AC7212 /* PBXContainerItemProxy */;
		};
/* End PBXTargetDependency section */

/* Begin PBXVariantGroup section */
		4B9A269C1AE6CFDD00AC7212 /* Main.storyboard */ = {
			isa = PBXVariantGroup;
			children = (
				4B9A269D1AE6CFDD00AC7212 /* Base */,
			);
			name = Main.storyboard;
			sourceTree = "<group>";
		};
		4B9A26A11AE6CFDD00AC7212 /* LaunchScreen.xib */ = {
			isa = PBXVariantGroup;
			children = (
				4B9A26A21AE6CFDD00AC7212 /* Base */,
			);
			name = LaunchScreen.xib;
			sourceTree = "<group>";
		};
/* End PBXVariantGroup section */

/* Begin XCBuildConfiguration section */
		4B9A26B01AE6CFDD00AC7212 /* Debug */ = {
			isa = XCBuildConfiguration;
			buildSettings = {
				ALWAYS_SEARCH_USER_PATHS = NO;
				CLANG_CXX_LANGUAGE_STANDARD = "gnu++0x";
				CLANG_CXX_LIBRARY = "libc++";
				CLANG_ENABLE_MODULES = YES;
				CLANG_ENABLE_OBJC_ARC = YES;
				CLANG_WARN_BOOL_CONVERSION = YES;
				CLANG_WARN_CONSTANT_CONVERSION = YES;
				CLANG_WARN_DIRECT_OBJC_ISA_USAGE = YES_ERROR;
				CLANG_WARN_EMPTY_BODY = YES;
				CLANG_WARN_ENUM_CONVERSION = YES;
				CLANG_WARN_INT_CONVERSION = YES;
				CLANG_WARN_OBJC_ROOT_CLASS = YES_ERROR;
				CLANG_WARN_UNREACHABLE_CODE = YES;
				CLANG_WARN__DUPLICATE_METHOD_MATCH = YES;
				"CODE_SIGN_IDENTITY[sdk=iphoneos*]" = "iPhone Developer";
				COPY_PHASE_STRIP = NO;
				DEBUG_INFORMATION_FORMAT = "dwarf-with-dsym";
				ENABLE_STRICT_OBJC_MSGSEND = YES;
				GCC_C_LANGUAGE_STANDARD = gnu99;
				GCC_DYNAMIC_NO_PIC = NO;
				GCC_NO_COMMON_BLOCKS = YES;
				GCC_OPTIMIZATION_LEVEL = 0;
				GCC_PREPROCESSOR_DEFINITIONS = (
					"DEBUG=1",
					"$(inherited)",
				);
				GCC_SYMBOLS_PRIVATE_EXTERN = NO;
				GCC_WARN_64_TO_32_BIT_CONVERSION = YES;
				GCC_WARN_ABOUT_RETURN_TYPE = YES_ERROR;
				GCC_WARN_UNDECLARED_SELECTOR = YES;
				GCC_WARN_UNINITIALIZED_AUTOS = YES_AGGRESSIVE;
				GCC_WARN_UNUSED_FUNCTION = YES;
				GCC_WARN_UNUSED_VARIABLE = YES;
				IPHONEOS_DEPLOYMENT_TARGET = 8.3;
				MTL_ENABLE_DEBUG_INFO = YES;
				ONLY_ACTIVE_ARCH = YES;
				SDKROOT = iphoneos;
				SWIFT_OPTIMIZATION_LEVEL = "-Onone";
			};
			name = Debug;
		};
		4B9A26B11AE6CFDD00AC7212 /* Release */ = {
			isa = XCBuildConfiguration;
			buildSettings = {
				ALWAYS_SEARCH_USER_PATHS = NO;
				CLANG_CXX_LANGUAGE_STANDARD = "gnu++0x";
				CLANG_CXX_LIBRARY = "libc++";
				CLANG_ENABLE_MODULES = YES;
				CLANG_ENABLE_OBJC_ARC = YES;
				CLANG_WARN_BOOL_CONVERSION = YES;
				CLANG_WARN_CONSTANT_CONVERSION = YES;
				CLANG_WARN_DIRECT_OBJC_ISA_USAGE = YES_ERROR;
				CLANG_WARN_EMPTY_BODY = YES;
				CLANG_WARN_ENUM_CONVERSION = YES;
				CLANG_WARN_INT_CONVERSION = YES;
				CLANG_WARN_OBJC_ROOT_CLASS = YES_ERROR;
				CLANG_WARN_UNREACHABLE_CODE = YES;
				CLANG_WARN__DUPLICATE_METHOD_MATCH = YES;
				"CODE_SIGN_IDENTITY[sdk=iphoneos*]" = "iPhone Developer";
				COPY_PHASE_STRIP = NO;
				DEBUG_INFORMATION_FORMAT = "dwarf-with-dsym";
				ENABLE_NS_ASSERTIONS = NO;
				ENABLE_STRICT_OBJC_MSGSEND = YES;
				GCC_C_LANGUAGE_STANDARD = gnu99;
				GCC_NO_COMMON_BLOCKS = YES;
				GCC_WARN_64_TO_32_BIT_CONVERSION = YES;
				GCC_WARN_ABOUT_RETURN_TYPE = YES_ERROR;
				GCC_WARN_UNDECLARED_SELECTOR = YES;
				GCC_WARN_UNINITIALIZED_AUTOS = YES_AGGRESSIVE;
				GCC_WARN_UNUSED_FUNCTION = YES;
				GCC_WARN_UNUSED_VARIABLE = YES;
				IPHONEOS_DEPLOYMENT_TARGET = 8.3;
				MTL_ENABLE_DEBUG_INFO = NO;
				SDKROOT = iphoneos;
				VALIDATE_PRODUCT = YES;
			};
			name = Release;
		};
		4B9A26B31AE6CFDD00AC7212 /* Debug */ = {
			isa = XCBuildConfiguration;
			buildSettings = {
				ASSETCATALOG_COMPILER_APPICON_NAME = AppIcon;
				INFOPLIST_FILE = "My Panoramas/Info.plist";
				LD_RUNPATH_SEARCH_PATHS = "$(inherited) @executable_path/Frameworks";
				PRODUCT_NAME = "$(TARGET_NAME)";
			};
			name = Debug;
		};
		4B9A26B41AE6CFDD00AC7212 /* Release */ = {
			isa = XCBuildConfiguration;
			buildSettings = {
				ASSETCATALOG_COMPILER_APPICON_NAME = AppIcon;
				INFOPLIST_FILE = "My Panoramas/Info.plist";
				LD_RUNPATH_SEARCH_PATHS = "$(inherited) @executable_path/Frameworks";
				PRODUCT_NAME = "$(TARGET_NAME)";
			};
			name = Release;
		};
		4B9A26B61AE6CFDD00AC7212 /* Debug */ = {
			isa = XCBuildConfiguration;
			buildSettings = {
				BUNDLE_LOADER = "$(TEST_HOST)";
				FRAMEWORK_SEARCH_PATHS = (
					"$(SDKROOT)/Developer/Library/Frameworks",
					"$(inherited)",
				);
				GCC_PREPROCESSOR_DEFINITIONS = (
					"DEBUG=1",
					"$(inherited)",
				);
				INFOPLIST_FILE = "My PanoramasTests/Info.plist";
				LD_RUNPATH_SEARCH_PATHS = "$(inherited) @executable_path/Frameworks @loader_path/Frameworks";
				PRODUCT_NAME = "$(TARGET_NAME)";
				TEST_HOST = "$(BUILT_PRODUCTS_DIR)/My Panoramas.app/My Panoramas";
			};
			name = Debug;
		};
		4B9A26B71AE6CFDD00AC7212 /* Release */ = {
			isa = XCBuildConfiguration;
			buildSettings = {
				BUNDLE_LOADER = "$(TEST_HOST)";
				FRAMEWORK_SEARCH_PATHS = (
					"$(SDKROOT)/Developer/Library/Frameworks",
					"$(inherited)",
				);
				INFOPLIST_FILE = "My PanoramasTests/Info.plist";
				LD_RUNPATH_SEARCH_PATHS = "$(inherited) @executable_path/Frameworks @loader_path/Frameworks";
				PRODUCT_NAME = "$(TARGET_NAME)";
				TEST_HOST = "$(BUILT_PRODUCTS_DIR)/My Panoramas.app/My Panoramas";
			};
			name = Release;
		};
/* End XCBuildConfiguration section */

/* Begin XCConfigurationList section */
		4B9A268E1AE6CFDD00AC7212 /* Build configuration list for PBXProject "My Panoramas" */ = {
			isa = XCConfigurationList;
			buildConfigurations = (
				4B9A26B01AE6CFDD00AC7212 /* Debug */,
				4B9A26B11AE6CFDD00AC7212 /* Release */,
			);
			defaultConfigurationIsVisible = 0;
			defaultConfigurationName = Release;
		};
		4B9A26B21AE6CFDD00AC7212 /* Build configuration list for PBXNativeTarget "My Panoramas" */ = {
			isa = XCConfigurationList;
			buildConfigurations = (
				4B9A26B31AE6CFDD00AC7212 /* Debug */,
				4B9A26B41AE6CFDD00AC7212 /* Release */,
			);
			defaultConfigurationIsVisible = 0;
		};
		4B9A26B51AE6CFDD00AC7212 /* Build configuration list for PBXNativeTarget "My PanoramasTests" */ = {
			isa = XCConfigurationList;
			buildConfigurations = (
				4B9A26B61AE6CFDD00AC7212 /* Debug */,
				4B9A26B71AE6CFDD00AC7212 /* Release */,
			);
			defaultConfigurationIsVisible = 0;
		};
/* End XCConfigurationList section */
	};
	rootObject = 4B9A268B1AE6CFDD00AC7212 /* Project object */;
}
