// !$*UTF8*$!
{
	archiveVersion = 1;
	classes = {
	};
	objectVersion = 46;
	objects = {

/* Begin PBXBuildFile section */
		4BE95B781B0E9B11001788A1 /* AppDelegate.swift in Sources */ = {isa = PBXBuildFile; fileRef = 4BE95B771B0E9B11001788A1 /* AppDelegate.swift */; };
		4BE95B7A1B0E9B11001788A1 /* ViewController.swift in Sources */ = {isa = PBXBuildFile; fileRef = 4BE95B791B0E9B11001788A1 /* ViewController.swift */; };
		4BE95B7D1B0E9B11001788A1 /* Main.storyboard in Resources */ = {isa = PBXBuildFile; fileRef = 4BE95B7B1B0E9B11001788A1 /* Main.storyboard */; };
		4BE95B7F1B0E9B11001788A1 /* Images.xcassets in Resources */ = {isa = PBXBuildFile; fileRef = 4BE95B7E1B0E9B11001788A1 /* Images.xcassets */; };
		4BE95B821B0E9B11001788A1 /* LaunchScreen.xib in Resources */ = {isa = PBXBuildFile; fileRef = 4BE95B801B0E9B11001788A1 /* LaunchScreen.xib */; };
		4BE95B8E1B0E9B11001788A1 /* UniConverterTests.swift in Sources */ = {isa = PBXBuildFile; fileRef = 4BE95B8D1B0E9B11001788A1 /* UniConverterTests.swift */; };
		4BE95B981B0EABB3001788A1 /* Conversion.swift in Sources */ = {isa = PBXBuildFile; fileRef = 4BE95B971B0EABB3001788A1 /* Conversion.swift */; };
/* End PBXBuildFile section */

/* Begin PBXContainerItemProxy section */
		4BE95B881B0E9B11001788A1 /* PBXContainerItemProxy */ = {
			isa = PBXContainerItemProxy;
			containerPortal = 4BE95B6A1B0E9B11001788A1 /* Project object */;
			proxyType = 1;
			remoteGlobalIDString = 4BE95B711B0E9B11001788A1;
			remoteInfo = UniConverter;
		};
/* End PBXContainerItemProxy section */

/* Begin PBXFileReference section */
		4BE95B721B0E9B11001788A1 /* UniConverter.app */ = {isa = PBXFileReference; explicitFileType = wrapper.application; includeInIndex = 0; path = UniConverter.app; sourceTree = BUILT_PRODUCTS_DIR; };
		4BE95B761B0E9B11001788A1 /* Info.plist */ = {isa = PBXFileReference; lastKnownFileType = text.plist.xml; path = Info.plist; sourceTree = "<group>"; };
		4BE95B771B0E9B11001788A1 /* AppDelegate.swift */ = {isa = PBXFileReference; lastKnownFileType = sourcecode.swift; path = AppDelegate.swift; sourceTree = "<group>"; };
		4BE95B791B0E9B11001788A1 /* ViewController.swift */ = {isa = PBXFileReference; lastKnownFileType = sourcecode.swift; path = ViewController.swift; sourceTree = "<group>"; };
		4BE95B7C1B0E9B11001788A1 /* Base */ = {isa = PBXFileReference; lastKnownFileType = file.storyboard; name = Base; path = Base.lproj/Main.storyboard; sourceTree = "<group>"; };
		4BE95B7E1B0E9B11001788A1 /* Images.xcassets */ = {isa = PBXFileReference; lastKnownFileType = folder.assetcatalog; path = Images.xcassets; sourceTree = "<group>"; };
		4BE95B811B0E9B11001788A1 /* Base */ = {isa = PBXFileReference; lastKnownFileType = file.xib; name = Base; path = Base.lproj/LaunchScreen.xib; sourceTree = "<group>"; };
		4BE95B871B0E9B11001788A1 /* UniConverterTests.xctest */ = {isa = PBXFileReference; explicitFileType = wrapper.cfbundle; includeInIndex = 0; path = UniConverterTests.xctest; sourceTree = BUILT_PRODUCTS_DIR; };
		4BE95B8C1B0E9B11001788A1 /* Info.plist */ = {isa = PBXFileReference; lastKnownFileType = text.plist.xml; path = Info.plist; sourceTree = "<group>"; };
		4BE95B8D1B0E9B11001788A1 /* UniConverterTests.swift */ = {isa = PBXFileReference; lastKnownFileType = sourcecode.swift; path = UniConverterTests.swift; sourceTree = "<group>"; };
		4BE95B971B0EABB3001788A1 /* Conversion.swift */ = {isa = PBXFileReference; fileEncoding = 4; lastKnownFileType = sourcecode.swift; path = Conversion.swift; sourceTree = "<group>"; };
/* End PBXFileReference section */

/* Begin PBXFrameworksBuildPhase section */
		4BE95B6F1B0E9B11001788A1 /* Frameworks */ = {
			isa = PBXFrameworksBuildPhase;
			buildActionMask = 2147483647;
			files = (
			);
			runOnlyForDeploymentPostprocessing = 0;
		};
		4BE95B841B0E9B11001788A1 /* Frameworks */ = {
			isa = PBXFrameworksBuildPhase;
			buildActionMask = 2147483647;
			files = (
			);
			runOnlyForDeploymentPostprocessing = 0;
		};
/* End PBXFrameworksBuildPhase section */

/* Begin PBXGroup section */
		4BE95B691B0E9B11001788A1 = {
			isa = PBXGroup;
			children = (
				4BE95B741B0E9B11001788A1 /* UniConverter */,
				4BE95B8A1B0E9B11001788A1 /* UniConverterTests */,
				4BE95B731B0E9B11001788A1 /* Products */,
			);
			sourceTree = "<group>";
		};
		4BE95B731B0E9B11001788A1 /* Products */ = {
			isa = PBXGroup;
			children = (
				4BE95B721B0E9B11001788A1 /* UniConverter.app */,
				4BE95B871B0E9B11001788A1 /* UniConverterTests.xctest */,
			);
			name = Products;
			sourceTree = "<group>";
		};
		4BE95B741B0E9B11001788A1 /* UniConverter */ = {
			isa = PBXGroup;
			children = (
				4BE95B771B0E9B11001788A1 /* AppDelegate.swift */,
				4BE95B791B0E9B11001788A1 /* ViewController.swift */,
				4BE95B7B1B0E9B11001788A1 /* Main.storyboard */,
				4BE95B971B0EABB3001788A1 /* Conversion.swift */,
				4BE95B7E1B0E9B11001788A1 /* Images.xcassets */,
				4BE95B801B0E9B11001788A1 /* LaunchScreen.xib */,
				4BE95B751B0E9B11001788A1 /* Supporting Files */,
			);
			path = UniConverter;
			sourceTree = "<group>";
		};
		4BE95B751B0E9B11001788A1 /* Supporting Files */ = {
			isa = PBXGroup;
			children = (
				4BE95B761B0E9B11001788A1 /* Info.plist */,
			);
			name = "Supporting Files";
			sourceTree = "<group>";
		};
		4BE95B8A1B0E9B11001788A1 /* UniConverterTests */ = {
			isa = PBXGroup;
			children = (
				4BE95B8D1B0E9B11001788A1 /* UniConverterTests.swift */,
				4BE95B8B1B0E9B11001788A1 /* Supporting Files */,
			);
			path = UniConverterTests;
			sourceTree = "<group>";
		};
		4BE95B8B1B0E9B11001788A1 /* Supporting Files */ = {
			isa = PBXGroup;
			children = (
				4BE95B8C1B0E9B11001788A1 /* Info.plist */,
			);
			name = "Supporting Files";
			sourceTree = "<group>";
		};
/* End PBXGroup section */

/* Begin PBXNativeTarget section */
		4BE95B711B0E9B11001788A1 /* UniConverter */ = {
			isa = PBXNativeTarget;
			buildConfigurationList = 4BE95B911B0E9B11001788A1 /* Build configuration list for PBXNativeTarget "UniConverter" */;
			buildPhases = (
				4BE95B6E1B0E9B11001788A1 /* Sources */,
				4BE95B6F1B0E9B11001788A1 /* Frameworks */,
				4BE95B701B0E9B11001788A1 /* Resources */,
			);
			buildRules = (
			);
			dependencies = (
			);
			name = UniConverter;
			productName = UniConverter;
			productReference = 4BE95B721B0E9B11001788A1 /* UniConverter.app */;
			productType = "com.apple.product-type.application";
		};
		4BE95B861B0E9B11001788A1 /* UniConverterTests */ = {
			isa = PBXNativeTarget;
			buildConfigurationList = 4BE95B941B0E9B11001788A1 /* Build configuration list for PBXNativeTarget "UniConverterTests" */;
			buildPhases = (
				4BE95B831B0E9B11001788A1 /* Sources */,
				4BE95B841B0E9B11001788A1 /* Frameworks */,
				4BE95B851B0E9B11001788A1 /* Resources */,
			);
			buildRules = (
			);
			dependencies = (
				4BE95B891B0E9B11001788A1 /* PBXTargetDependency */,
			);
			name = UniConverterTests;
			productName = UniConverterTests;
			productReference = 4BE95B871B0E9B11001788A1 /* UniConverterTests.xctest */;
			productType = "com.apple.product-type.bundle.unit-test";
		};
/* End PBXNativeTarget section */

/* Begin PBXProject section */
		4BE95B6A1B0E9B11001788A1 /* Project object */ = {
			isa = PBXProject;
			attributes = {
				LastUpgradeCheck = 0630;
				ORGANIZATIONNAME = "Shiven Ramji";
				TargetAttributes = {
					4BE95B711B0E9B11001788A1 = {
						CreatedOnToolsVersion = 6.3.2;
					};
					4BE95B861B0E9B11001788A1 = {
						CreatedOnToolsVersion = 6.3.2;
						TestTargetID = 4BE95B711B0E9B11001788A1;
					};
				};
			};
			buildConfigurationList = 4BE95B6D1B0E9B11001788A1 /* Build configuration list for PBXProject "UniConverter" */;
			compatibilityVersion = "Xcode 3.2";
			developmentRegion = English;
			hasScannedForEncodings = 0;
			knownRegions = (
				en,
				Base,
			);
			mainGroup = 4BE95B691B0E9B11001788A1;
			productRefGroup = 4BE95B731B0E9B11001788A1 /* Products */;
			projectDirPath = "";
			projectRoot = "";
			targets = (
				4BE95B711B0E9B11001788A1 /* UniConverter */,
				4BE95B861B0E9B11001788A1 /* UniConverterTests */,
			);
		};
/* End PBXProject section */

/* Begin PBXResourcesBuildPhase section */
		4BE95B701B0E9B11001788A1 /* Resources */ = {
			isa = PBXResourcesBuildPhase;
			buildActionMask = 2147483647;
			files = (
				4BE95B7D1B0E9B11001788A1 /* Main.storyboard in Resources */,
				4BE95B821B0E9B11001788A1 /* LaunchScreen.xib in Resources */,
				4BE95B7F1B0E9B11001788A1 /* Images.xcassets in Resources */,
			);
			runOnlyForDeploymentPostprocessing = 0;
		};
		4BE95B851B0E9B11001788A1 /* Resources */ = {
			isa = PBXResourcesBuildPhase;
			buildActionMask = 2147483647;
			files = (
			);
			runOnlyForDeploymentPostprocessing = 0;
		};
/* End PBXResourcesBuildPhase section */

/* Begin PBXSourcesBuildPhase section */
		4BE95B6E1B0E9B11001788A1 /* Sources */ = {
			isa = PBXSourcesBuildPhase;
			buildActionMask = 2147483647;
			files = (
				4BE95B981B0EABB3001788A1 /* Conversion.swift in Sources */,
				4BE95B7A1B0E9B11001788A1 /* ViewController.swift in Sources */,
				4BE95B781B0E9B11001788A1 /* AppDelegate.swift in Sources */,
			);
			runOnlyForDeploymentPostprocessing = 0;
		};
		4BE95B831B0E9B11001788A1 /* Sources */ = {
			isa = PBXSourcesBuildPhase;
			buildActionMask = 2147483647;
			files = (
				4BE95B8E1B0E9B11001788A1 /* UniConverterTests.swift in Sources */,
			);
			runOnlyForDeploymentPostprocessing = 0;
		};
/* End PBXSourcesBuildPhase section */

/* Begin PBXTargetDependency section */
		4BE95B891B0E9B11001788A1 /* PBXTargetDependency */ = {
			isa = PBXTargetDependency;
			target = 4BE95B711B0E9B11001788A1 /* UniConverter */;
			targetProxy = 4BE95B881B0E9B11001788A1 /* PBXContainerItemProxy */;
		};
/* End PBXTargetDependency section */

/* Begin PBXVariantGroup section */
		4BE95B7B1B0E9B11001788A1 /* Main.storyboard */ = {
			isa = PBXVariantGroup;
			children = (
				4BE95B7C1B0E9B11001788A1 /* Base */,
			);
			name = Main.storyboard;
			sourceTree = "<group>";
		};
		4BE95B801B0E9B11001788A1 /* LaunchScreen.xib */ = {
			isa = PBXVariantGroup;
			children = (
				4BE95B811B0E9B11001788A1 /* Base */,
			);
			name = LaunchScreen.xib;
			sourceTree = "<group>";
		};
/* End PBXVariantGroup section */

/* Begin XCBuildConfiguration section */
		4BE95B8F1B0E9B11001788A1 /* Debug */ = {
			isa = XCBuildConfiguration;
			buildSettings = {
				ALWAYS_SEARCH_USER_PATHS = NO;
				CLANG_CXX_LANGUAGE_STANDARD = "gnu++0x";
				CLANG_CXX_LIBRARY = "libc++";
				CLANG_ENABLE_MODULES = YES;
				CLANG_ENABLE_OBJC_ARC = YES;
				CLANG_WARN_BOOL_CONVERSION = YES;
				CLANG_WARN_CONSTANT_CONVERSION = YES;
				CLANG_WARN_DIRECT_OBJC_ISA_USAGE = YES_ERROR;
				CLANG_WARN_EMPTY_BODY = YES;
				CLANG_WARN_ENUM_CONVERSION = YES;
				CLANG_WARN_INT_CONVERSION = YES;
				CLANG_WARN_OBJC_ROOT_CLASS = YES_ERROR;
				CLANG_WARN_UNREACHABLE_CODE = YES;
				CLANG_WARN__DUPLICATE_METHOD_MATCH = YES;
				"CODE_SIGN_IDENTITY[sdk=iphoneos*]" = "iPhone Developer";
				COPY_PHASE_STRIP = NO;
				DEBUG_INFORMATION_FORMAT = "dwarf-with-dsym";
				ENABLE_STRICT_OBJC_MSGSEND = YES;
				GCC_C_LANGUAGE_STANDARD = gnu99;
				GCC_DYNAMIC_NO_PIC = NO;
				GCC_NO_COMMON_BLOCKS = YES;
				GCC_OPTIMIZATION_LEVEL = 0;
				GCC_PREPROCESSOR_DEFINITIONS = (
					"DEBUG=1",
					"$(inherited)",
				);
				GCC_SYMBOLS_PRIVATE_EXTERN = NO;
				GCC_WARN_64_TO_32_BIT_CONVERSION = YES;
				GCC_WARN_ABOUT_RETURN_TYPE = YES_ERROR;
				GCC_WARN_UNDECLARED_SELECTOR = YES;
				GCC_WARN_UNINITIALIZED_AUTOS = YES_AGGRESSIVE;
				GCC_WARN_UNUSED_FUNCTION = YES;
				GCC_WARN_UNUSED_VARIABLE = YES;
				IPHONEOS_DEPLOYMENT_TARGET = 8.3;
				MTL_ENABLE_DEBUG_INFO = YES;
				ONLY_ACTIVE_ARCH = YES;
				SDKROOT = iphoneos;
				SWIFT_OPTIMIZATION_LEVEL = "-Onone";
			};
			name = Debug;
		};
		4BE95B901B0E9B11001788A1 /* Release */ = {
			isa = XCBuildConfiguration;
			buildSettings = {
				ALWAYS_SEARCH_USER_PATHS = NO;
				CLANG_CXX_LANGUAGE_STANDARD = "gnu++0x";
				CLANG_CXX_LIBRARY = "libc++";
				CLANG_ENABLE_MODULES = YES;
				CLANG_ENABLE_OBJC_ARC = YES;
				CLANG_WARN_BOOL_CONVERSION = YES;
				CLANG_WARN_CONSTANT_CONVERSION = YES;
				CLANG_WARN_DIRECT_OBJC_ISA_USAGE = YES_ERROR;
				CLANG_WARN_EMPTY_BODY = YES;
				CLANG_WARN_ENUM_CONVERSION = YES;
				CLANG_WARN_INT_CONVERSION = YES;
				CLANG_WARN_OBJC_ROOT_CLASS = YES_ERROR;
				CLANG_WARN_UNREACHABLE_CODE = YES;
				CLANG_WARN__DUPLICATE_METHOD_MATCH = YES;
				"CODE_SIGN_IDENTITY[sdk=iphoneos*]" = "iPhone Developer";
				COPY_PHASE_STRIP = NO;
				DEBUG_INFORMATION_FORMAT = "dwarf-with-dsym";
				ENABLE_NS_ASSERTIONS = NO;
				ENABLE_STRICT_OBJC_MSGSEND = YES;
				GCC_C_LANGUAGE_STANDARD = gnu99;
				GCC_NO_COMMON_BLOCKS = YES;
				GCC_WARN_64_TO_32_BIT_CONVERSION = YES;
				GCC_WARN_ABOUT_RETURN_TYPE = YES_ERROR;
				GCC_WARN_UNDECLARED_SELECTOR = YES;
				GCC_WARN_UNINITIALIZED_AUTOS = YES_AGGRESSIVE;
				GCC_WARN_UNUSED_FUNCTION = YES;
				GCC_WARN_UNUSED_VARIABLE = YES;
				IPHONEOS_DEPLOYMENT_TARGET = 8.3;
				MTL_ENABLE_DEBUG_INFO = NO;
				SDKROOT = iphoneos;
				VALIDATE_PRODUCT = YES;
			};
			name = Release;
		};
		4BE95B921B0E9B11001788A1 /* Debug */ = {
			isa = XCBuildConfiguration;
			buildSettings = {
				ASSETCATALOG_COMPILER_APPICON_NAME = AppIcon;
				INFOPLIST_FILE = UniConverter/Info.plist;
				LD_RUNPATH_SEARCH_PATHS = "$(inherited) @executable_path/Frameworks";
				PRODUCT_NAME = "$(TARGET_NAME)";
			};
			name = Debug;
		};
		4BE95B931B0E9B11001788A1 /* Release */ = {
			isa = XCBuildConfiguration;
			buildSettings = {
				ASSETCATALOG_COMPILER_APPICON_NAME = AppIcon;
				INFOPLIST_FILE = UniConverter/Info.plist;
				LD_RUNPATH_SEARCH_PATHS = "$(inherited) @executable_path/Frameworks";
				PRODUCT_NAME = "$(TARGET_NAME)";
			};
			name = Release;
		};
		4BE95B951B0E9B11001788A1 /* Debug */ = {
			isa = XCBuildConfiguration;
			buildSettings = {
				BUNDLE_LOADER = "$(TEST_HOST)";
				FRAMEWORK_SEARCH_PATHS = (
					"$(SDKROOT)/Developer/Library/Frameworks",
					"$(inherited)",
				);
				GCC_PREPROCESSOR_DEFINITIONS = (
					"DEBUG=1",
					"$(inherited)",
				);
				INFOPLIST_FILE = UniConverterTests/Info.plist;
				LD_RUNPATH_SEARCH_PATHS = "$(inherited) @executable_path/Frameworks @loader_path/Frameworks";
				PRODUCT_NAME = "$(TARGET_NAME)";
				TEST_HOST = "$(BUILT_PRODUCTS_DIR)/UniConverter.app/UniConverter";
			};
			name = Debug;
		};
		4BE95B961B0E9B11001788A1 /* Release */ = {
			isa = XCBuildConfiguration;
			buildSettings = {
				BUNDLE_LOADER = "$(TEST_HOST)";
				FRAMEWORK_SEARCH_PATHS = (
					"$(SDKROOT)/Developer/Library/Frameworks",
					"$(inherited)",
				);
				INFOPLIST_FILE = UniConverterTests/Info.plist;
				LD_RUNPATH_SEARCH_PATHS = "$(inherited) @executable_path/Frameworks @loader_path/Frameworks";
				PRODUCT_NAME = "$(TARGET_NAME)";
				TEST_HOST = "$(BUILT_PRODUCTS_DIR)/UniConverter.app/UniConverter";
			};
			name = Release;
		};
/* End XCBuildConfiguration section */

/* Begin XCConfigurationList section */
		4BE95B6D1B0E9B11001788A1 /* Build configuration list for PBXProject "UniConverter" */ = {
			isa = XCConfigurationList;
			buildConfigurations = (
				4BE95B8F1B0E9B11001788A1 /* Debug */,
				4BE95B901B0E9B11001788A1 /* Release */,
			);
			defaultConfigurationIsVisible = 0;
			defaultConfigurationName = Release;
		};
		4BE95B911B0E9B11001788A1 /* Build configuration list for PBXNativeTarget "UniConverter" */ = {
			isa = XCConfigurationList;
			buildConfigurations = (
				4BE95B921B0E9B11001788A1 /* Debug */,
				4BE95B931B0E9B11001788A1 /* Release */,
			);
			defaultConfigurationIsVisible = 0;
		};
		4BE95B941B0E9B11001788A1 /* Build configuration list for PBXNativeTarget "UniConverterTests" */ = {
			isa = XCConfigurationList;
			buildConfigurations = (
				4BE95B951B0E9B11001788A1 /* Debug */,
				4BE95B961B0E9B11001788A1 /* Release */,
			);
			defaultConfigurationIsVisible = 0;
		};
/* End XCConfigurationList section */
	};
	rootObject = 4BE95B6A1B0E9B11001788A1 /* Project object */;
}
