// !$*UTF8*$!
{
	archiveVersion = 1;
	classes = {
	};
	objectVersion = 46;
	objects = {

/* Begin PBXBuildFile section */
		AF1ACD5E1B0E8806005047FC /* AppDelegate.swift in Sources */ = {isa = PBXBuildFile; fileRef = AF1ACD5D1B0E8806005047FC /* AppDelegate.swift */; };
		AF1ACD601B0E8806005047FC /* ViewController.swift in Sources */ = {isa = PBXBuildFile; fileRef = AF1ACD5F1B0E8806005047FC /* ViewController.swift */; };
		AF1ACD631B0E8807005047FC /* Main.storyboard in Resources */ = {isa = PBXBuildFile; fileRef = AF1ACD611B0E8806005047FC /* Main.storyboard */; };
		AF1ACD651B0E8807005047FC /* Images.xcassets in Resources */ = {isa = PBXBuildFile; fileRef = AF1ACD641B0E8807005047FC /* Images.xcassets */; };
		AF1ACD681B0E8807005047FC /* LaunchScreen.xib in Resources */ = {isa = PBXBuildFile; fileRef = AF1ACD661B0E8807005047FC /* LaunchScreen.xib */; };
		AF1ACD741B0E8807005047FC /* UnitConverterSampleTests.swift in Sources */ = {isa = PBXBuildFile; fileRef = AF1ACD731B0E8807005047FC /* UnitConverterSampleTests.swift */; };
		AF1ACD7E1B0E8C57005047FC /* Conversions.swift in Sources */ = {isa = PBXBuildFile; fileRef = AF1ACD7D1B0E8C57005047FC /* Conversions.swift */; };
/* End PBXBuildFile section */

/* Begin PBXContainerItemProxy section */
		AF1ACD6E1B0E8807005047FC /* PBXContainerItemProxy */ = {
			isa = PBXContainerItemProxy;
			containerPortal = AF1ACD501B0E8806005047FC /* Project object */;
			proxyType = 1;
			remoteGlobalIDString = AF1ACD571B0E8806005047FC;
			remoteInfo = UnitConverterSample;
		};
/* End PBXContainerItemProxy section */

/* Begin PBXFileReference section */
		AF1ACD581B0E8806005047FC /* UnitConverterSample.app */ = {isa = PBXFileReference; explicitFileType = wrapper.application; includeInIndex = 0; path = UnitConverterSample.app; sourceTree = BUILT_PRODUCTS_DIR; };
		AF1ACD5C1B0E8806005047FC /* Info.plist */ = {isa = PBXFileReference; lastKnownFileType = text.plist.xml; path = Info.plist; sourceTree = "<group>"; };
		AF1ACD5D1B0E8806005047FC /* AppDelegate.swift */ = {isa = PBXFileReference; lastKnownFileType = sourcecode.swift; path = AppDelegate.swift; sourceTree = "<group>"; };
		AF1ACD5F1B0E8806005047FC /* ViewController.swift */ = {isa = PBXFileReference; lastKnownFileType = sourcecode.swift; path = ViewController.swift; sourceTree = "<group>"; };
		AF1ACD621B0E8806005047FC /* Base */ = {isa = PBXFileReference; lastKnownFileType = file.storyboard; name = Base; path = Base.lproj/Main.storyboard; sourceTree = "<group>"; };
		AF1ACD641B0E8807005047FC /* Images.xcassets */ = {isa = PBXFileReference; lastKnownFileType = folder.assetcatalog; path = Images.xcassets; sourceTree = "<group>"; };
		AF1ACD671B0E8807005047FC /* Base */ = {isa = PBXFileReference; lastKnownFileType = file.xib; name = Base; path = Base.lproj/LaunchScreen.xib; sourceTree = "<group>"; };
		AF1ACD6D1B0E8807005047FC /* UnitConverterSampleTests.xctest */ = {isa = PBXFileReference; explicitFileType = wrapper.cfbundle; includeInIndex = 0; path = UnitConverterSampleTests.xctest; sourceTree = BUILT_PRODUCTS_DIR; };
		AF1ACD721B0E8807005047FC /* Info.plist */ = {isa = PBXFileReference; lastKnownFileType = text.plist.xml; path = Info.plist; sourceTree = "<group>"; };
		AF1ACD731B0E8807005047FC /* UnitConverterSampleTests.swift */ = {isa = PBXFileReference; lastKnownFileType = sourcecode.swift; path = UnitConverterSampleTests.swift; sourceTree = "<group>"; };
		AF1ACD7D1B0E8C57005047FC /* Conversions.swift */ = {isa = PBXFileReference; fileEncoding = 4; lastKnownFileType = sourcecode.swift; path = Conversions.swift; sourceTree = "<group>"; };
/* End PBXFileReference section */

/* Begin PBXFrameworksBuildPhase section */
		AF1ACD551B0E8806005047FC /* Frameworks */ = {
			isa = PBXFrameworksBuildPhase;
			buildActionMask = 2147483647;
			files = (
			);
			runOnlyForDeploymentPostprocessing = 0;
		};
		AF1ACD6A1B0E8807005047FC /* Frameworks */ = {
			isa = PBXFrameworksBuildPhase;
			buildActionMask = 2147483647;
			files = (
			);
			runOnlyForDeploymentPostprocessing = 0;
		};
/* End PBXFrameworksBuildPhase section */

/* Begin PBXGroup section */
		AF1ACD4F1B0E8806005047FC = {
			isa = PBXGroup;
			children = (
				AF1ACD5A1B0E8806005047FC /* UnitConverterSample */,
				AF1ACD701B0E8807005047FC /* UnitConverterSampleTests */,
				AF1ACD591B0E8806005047FC /* Products */,
			);
			sourceTree = "<group>";
		};
		AF1ACD591B0E8806005047FC /* Products */ = {
			isa = PBXGroup;
			children = (
				AF1ACD581B0E8806005047FC /* UnitConverterSample.app */,
				AF1ACD6D1B0E8807005047FC /* UnitConverterSampleTests.xctest */,
			);
			name = Products;
			sourceTree = "<group>";
		};
		AF1ACD5A1B0E8806005047FC /* UnitConverterSample */ = {
			isa = PBXGroup;
			children = (
				AF1ACD5D1B0E8806005047FC /* AppDelegate.swift */,
				AF1ACD5F1B0E8806005047FC /* ViewController.swift */,
				AF1ACD611B0E8806005047FC /* Main.storyboard */,
				AF1ACD641B0E8807005047FC /* Images.xcassets */,
				AF1ACD661B0E8807005047FC /* LaunchScreen.xib */,
				AF1ACD5B1B0E8806005047FC /* Supporting Files */,
				AF1ACD7D1B0E8C57005047FC /* Conversions.swift */,
			);
			path = UnitConverterSample;
			sourceTree = "<group>";
		};
		AF1ACD5B1B0E8806005047FC /* Supporting Files */ = {
			isa = PBXGroup;
			children = (
				AF1ACD5C1B0E8806005047FC /* Info.plist */,
			);
			name = "Supporting Files";
			sourceTree = "<group>";
		};
		AF1ACD701B0E8807005047FC /* UnitConverterSampleTests */ = {
			isa = PBXGroup;
			children = (
				AF1ACD731B0E8807005047FC /* UnitConverterSampleTests.swift */,
				AF1ACD711B0E8807005047FC /* Supporting Files */,
			);
			path = UnitConverterSampleTests;
			sourceTree = "<group>";
		};
		AF1ACD711B0E8807005047FC /* Supporting Files */ = {
			isa = PBXGroup;
			children = (
				AF1ACD721B0E8807005047FC /* Info.plist */,
			);
			name = "Supporting Files";
			sourceTree = "<group>";
		};
/* End PBXGroup section */

/* Begin PBXNativeTarget section */
		AF1ACD571B0E8806005047FC /* UnitConverterSample */ = {
			isa = PBXNativeTarget;
			buildConfigurationList = AF1ACD771B0E8807005047FC /* Build configuration list for PBXNativeTarget "UnitConverterSample" */;
			buildPhases = (
				AF1ACD541B0E8806005047FC /* Sources */,
				AF1ACD551B0E8806005047FC /* Frameworks */,
				AF1ACD561B0E8806005047FC /* Resources */,
			);
			buildRules = (
			);
			dependencies = (
			);
			name = UnitConverterSample;
			productName = UnitConverterSample;
			productReference = AF1ACD581B0E8806005047FC /* UnitConverterSample.app */;
			productType = "com.apple.product-type.application";
		};
		AF1ACD6C1B0E8807005047FC /* UnitConverterSampleTests */ = {
			isa = PBXNativeTarget;
			buildConfigurationList = AF1ACD7A1B0E8807005047FC /* Build configuration list for PBXNativeTarget "UnitConverterSampleTests" */;
			buildPhases = (
				AF1ACD691B0E8807005047FC /* Sources */,
				AF1ACD6A1B0E8807005047FC /* Frameworks */,
				AF1ACD6B1B0E8807005047FC /* Resources */,
			);
			buildRules = (
			);
			dependencies = (
				AF1ACD6F1B0E8807005047FC /* PBXTargetDependency */,
			);
			name = UnitConverterSampleTests;
			productName = UnitConverterSampleTests;
			productReference = AF1ACD6D1B0E8807005047FC /* UnitConverterSampleTests.xctest */;
			productType = "com.apple.product-type.bundle.unit-test";
		};
/* End PBXNativeTarget section */

/* Begin PBXProject section */
		AF1ACD501B0E8806005047FC /* Project object */ = {
			isa = PBXProject;
			attributes = {
				LastUpgradeCheck = 0630;
				ORGANIZATIONNAME = Anomalus;
				TargetAttributes = {
					AF1ACD571B0E8806005047FC = {
						CreatedOnToolsVersion = 6.3.1;
					};
					AF1ACD6C1B0E8807005047FC = {
						CreatedOnToolsVersion = 6.3.1;
						TestTargetID = AF1ACD571B0E8806005047FC;
					};
				};
			};
			buildConfigurationList = AF1ACD531B0E8806005047FC /* Build configuration list for PBXProject "UnitConverterSample" */;
			compatibilityVersion = "Xcode 3.2";
			developmentRegion = English;
			hasScannedForEncodings = 0;
			knownRegions = (
				en,
				Base,
			);
			mainGroup = AF1ACD4F1B0E8806005047FC;
			productRefGroup = AF1ACD591B0E8806005047FC /* Products */;
			projectDirPath = "";
			projectRoot = "";
			targets = (
				AF1ACD571B0E8806005047FC /* UnitConverterSample */,
				AF1ACD6C1B0E8807005047FC /* UnitConverterSampleTests */,
			);
		};
/* End PBXProject section */

/* Begin PBXResourcesBuildPhase section */
		AF1ACD561B0E8806005047FC /* Resources */ = {
			isa = PBXResourcesBuildPhase;
			buildActionMask = 2147483647;
			files = (
				AF1ACD631B0E8807005047FC /* Main.storyboard in Resources */,
				AF1ACD681B0E8807005047FC /* LaunchScreen.xib in Resources */,
				AF1ACD651B0E8807005047FC /* Images.xcassets in Resources */,
			);
			runOnlyForDeploymentPostprocessing = 0;
		};
		AF1ACD6B1B0E8807005047FC /* Resources */ = {
			isa = PBXResourcesBuildPhase;
			buildActionMask = 2147483647;
			files = (
			);
			runOnlyForDeploymentPostprocessing = 0;
		};
/* End PBXResourcesBuildPhase section */

/* Begin PBXSourcesBuildPhase section */
		AF1ACD541B0E8806005047FC /* Sources */ = {
			isa = PBXSourcesBuildPhase;
			buildActionMask = 2147483647;
			files = (
				AF1ACD7E1B0E8C57005047FC /* Conversions.swift in Sources */,
				AF1ACD601B0E8806005047FC /* ViewController.swift in Sources */,
				AF1ACD5E1B0E8806005047FC /* AppDelegate.swift in Sources */,
			);
			runOnlyForDeploymentPostprocessing = 0;
		};
		AF1ACD691B0E8807005047FC /* Sources */ = {
			isa = PBXSourcesBuildPhase;
			buildActionMask = 2147483647;
			files = (
				AF1ACD741B0E8807005047FC /* UnitConverterSampleTests.swift in Sources */,
			);
			runOnlyForDeploymentPostprocessing = 0;
		};
/* End PBXSourcesBuildPhase section */

/* Begin PBXTargetDependency section */
		AF1ACD6F1B0E8807005047FC /* PBXTargetDependency */ = {
			isa = PBXTargetDependency;
			target = AF1ACD571B0E8806005047FC /* UnitConverterSample */;
			targetProxy = AF1ACD6E1B0E8807005047FC /* PBXContainerItemProxy */;
		};
/* End PBXTargetDependency section */

/* Begin PBXVariantGroup section */
		AF1ACD611B0E8806005047FC /* Main.storyboard */ = {
			isa = PBXVariantGroup;
			children = (
				AF1ACD621B0E8806005047FC /* Base */,
			);
			name = Main.storyboard;
			sourceTree = "<group>";
		};
		AF1ACD661B0E8807005047FC /* LaunchScreen.xib */ = {
			isa = PBXVariantGroup;
			children = (
				AF1ACD671B0E8807005047FC /* Base */,
			);
			name = LaunchScreen.xib;
			sourceTree = "<group>";
		};
/* End PBXVariantGroup section */

/* Begin XCBuildConfiguration section */
		AF1ACD751B0E8807005047FC /* Debug */ = {
			isa = XCBuildConfiguration;
			buildSettings = {
				ALWAYS_SEARCH_USER_PATHS = NO;
				CLANG_CXX_LANGUAGE_STANDARD = "gnu++0x";
				CLANG_CXX_LIBRARY = "libc++";
				CLANG_ENABLE_MODULES = YES;
				CLANG_ENABLE_OBJC_ARC = YES;
				CLANG_WARN_BOOL_CONVERSION = YES;
				CLANG_WARN_CONSTANT_CONVERSION = YES;
				CLANG_WARN_DIRECT_OBJC_ISA_USAGE = YES_ERROR;
				CLANG_WARN_EMPTY_BODY = YES;
				CLANG_WARN_ENUM_CONVERSION = YES;
				CLANG_WARN_INT_CONVERSION = YES;
				CLANG_WARN_OBJC_ROOT_CLASS = YES_ERROR;
				CLANG_WARN_UNREACHABLE_CODE = YES;
				CLANG_WARN__DUPLICATE_METHOD_MATCH = YES;
				"CODE_SIGN_IDENTITY[sdk=iphoneos*]" = "iPhone Developer";
				COPY_PHASE_STRIP = NO;
				DEBUG_INFORMATION_FORMAT = "dwarf-with-dsym";
				ENABLE_STRICT_OBJC_MSGSEND = YES;
				GCC_C_LANGUAGE_STANDARD = gnu99;
				GCC_DYNAMIC_NO_PIC = NO;
				GCC_NO_COMMON_BLOCKS = YES;
				GCC_OPTIMIZATION_LEVEL = 0;
				GCC_PREPROCESSOR_DEFINITIONS = (
					"DEBUG=1",
					"$(inherited)",
				);
				GCC_SYMBOLS_PRIVATE_EXTERN = NO;
				GCC_WARN_64_TO_32_BIT_CONVERSION = YES;
				GCC_WARN_ABOUT_RETURN_TYPE = YES_ERROR;
				GCC_WARN_UNDECLARED_SELECTOR = YES;
				GCC_WARN_UNINITIALIZED_AUTOS = YES_AGGRESSIVE;
				GCC_WARN_UNUSED_FUNCTION = YES;
				GCC_WARN_UNUSED_VARIABLE = YES;
				IPHONEOS_DEPLOYMENT_TARGET = 8.3;
				MTL_ENABLE_DEBUG_INFO = YES;
				ONLY_ACTIVE_ARCH = YES;
				SDKROOT = iphoneos;
				SWIFT_OPTIMIZATION_LEVEL = "-Onone";
			};
			name = Debug;
		};
		AF1ACD761B0E8807005047FC /* Release */ = {
			isa = XCBuildConfiguration;
			buildSettings = {
				ALWAYS_SEARCH_USER_PATHS = NO;
				CLANG_CXX_LANGUAGE_STANDARD = "gnu++0x";
				CLANG_CXX_LIBRARY = "libc++";
				CLANG_ENABLE_MODULES = YES;
				CLANG_ENABLE_OBJC_ARC = YES;
				CLANG_WARN_BOOL_CONVERSION = YES;
				CLANG_WARN_CONSTANT_CONVERSION = YES;
				CLANG_WARN_DIRECT_OBJC_ISA_USAGE = YES_ERROR;
				CLANG_WARN_EMPTY_BODY = YES;
				CLANG_WARN_ENUM_CONVERSION = YES;
				CLANG_WARN_INT_CONVERSION = YES;
				CLANG_WARN_OBJC_ROOT_CLASS = YES_ERROR;
				CLANG_WARN_UNREACHABLE_CODE = YES;
				CLANG_WARN__DUPLICATE_METHOD_MATCH = YES;
				"CODE_SIGN_IDENTITY[sdk=iphoneos*]" = "iPhone Developer";
				COPY_PHASE_STRIP = NO;
				DEBUG_INFORMATION_FORMAT = "dwarf-with-dsym";
				ENABLE_NS_ASSERTIONS = NO;
				ENABLE_STRICT_OBJC_MSGSEND = YES;
				GCC_C_LANGUAGE_STANDARD = gnu99;
				GCC_NO_COMMON_BLOCKS = YES;
				GCC_WARN_64_TO_32_BIT_CONVERSION = YES;
				GCC_WARN_ABOUT_RETURN_TYPE = YES_ERROR;
				GCC_WARN_UNDECLARED_SELECTOR = YES;
				GCC_WARN_UNINITIALIZED_AUTOS = YES_AGGRESSIVE;
				GCC_WARN_UNUSED_FUNCTION = YES;
				GCC_WARN_UNUSED_VARIABLE = YES;
				IPHONEOS_DEPLOYMENT_TARGET = 8.3;
				MTL_ENABLE_DEBUG_INFO = NO;
				SDKROOT = iphoneos;
				VALIDATE_PRODUCT = YES;
			};
			name = Release;
		};
		AF1ACD781B0E8807005047FC /* Debug */ = {
			isa = XCBuildConfiguration;
			buildSettings = {
				ASSETCATALOG_COMPILER_APPICON_NAME = AppIcon;
				INFOPLIST_FILE = UnitConverterSample/Info.plist;
				LD_RUNPATH_SEARCH_PATHS = "$(inherited) @executable_path/Frameworks";
				PRODUCT_NAME = "$(TARGET_NAME)";
			};
			name = Debug;
		};
		AF1ACD791B0E8807005047FC /* Release */ = {
			isa = XCBuildConfiguration;
			buildSettings = {
				ASSETCATALOG_COMPILER_APPICON_NAME = AppIcon;
				INFOPLIST_FILE = UnitConverterSample/Info.plist;
				LD_RUNPATH_SEARCH_PATHS = "$(inherited) @executable_path/Frameworks";
				PRODUCT_NAME = "$(TARGET_NAME)";
			};
			name = Release;
		};
		AF1ACD7B1B0E8807005047FC /* Debug */ = {
			isa = XCBuildConfiguration;
			buildSettings = {
				BUNDLE_LOADER = "$(TEST_HOST)";
				FRAMEWORK_SEARCH_PATHS = (
					"$(SDKROOT)/Developer/Library/Frameworks",
					"$(inherited)",
				);
				GCC_PREPROCESSOR_DEFINITIONS = (
					"DEBUG=1",
					"$(inherited)",
				);
				INFOPLIST_FILE = UnitConverterSampleTests/Info.plist;
				LD_RUNPATH_SEARCH_PATHS = "$(inherited) @executable_path/Frameworks @loader_path/Frameworks";
				PRODUCT_NAME = "$(TARGET_NAME)";
				TEST_HOST = "$(BUILT_PRODUCTS_DIR)/UnitConverterSample.app/UnitConverterSample";
			};
			name = Debug;
		};
		AF1ACD7C1B0E8807005047FC /* Release */ = {
			isa = XCBuildConfiguration;
			buildSettings = {
				BUNDLE_LOADER = "$(TEST_HOST)";
				FRAMEWORK_SEARCH_PATHS = (
					"$(SDKROOT)/Developer/Library/Frameworks",
					"$(inherited)",
				);
				INFOPLIST_FILE = UnitConverterSampleTests/Info.plist;
				LD_RUNPATH_SEARCH_PATHS = "$(inherited) @executable_path/Frameworks @loader_path/Frameworks";
				PRODUCT_NAME = "$(TARGET_NAME)";
				TEST_HOST = "$(BUILT_PRODUCTS_DIR)/UnitConverterSample.app/UnitConverterSample";
			};
			name = Release;
		};
/* End XCBuildConfiguration section */

/* Begin XCConfigurationList section */
		AF1ACD531B0E8806005047FC /* Build configuration list for PBXProject "UnitConverterSample" */ = {
			isa = XCConfigurationList;
			buildConfigurations = (
				AF1ACD751B0E8807005047FC /* Debug */,
				AF1ACD761B0E8807005047FC /* Release */,
			);
			defaultConfigurationIsVisible = 0;
			defaultConfigurationName = Release;
		};
		AF1ACD771B0E8807005047FC /* Build configuration list for PBXNativeTarget "UnitConverterSample" */ = {
			isa = XCConfigurationList;
			buildConfigurations = (
				AF1ACD781B0E8807005047FC /* Debug */,
				AF1ACD791B0E8807005047FC /* Release */,
			);
			defaultConfigurationIsVisible = 0;
		};
		AF1ACD7A1B0E8807005047FC /* Build configuration list for PBXNativeTarget "UnitConverterSampleTests" */ = {
			isa = XCConfigurationList;
			buildConfigurations = (
				AF1ACD7B1B0E8807005047FC /* Debug */,
				AF1ACD7C1B0E8807005047FC /* Release */,
			);
			defaultConfigurationIsVisible = 0;
		};
/* End XCConfigurationList section */
	};
	rootObject = AF1ACD501B0E8806005047FC /* Project object */;
}
